
Microsoft Visual Studio Solution File, Format Version 12.00
# Visual Studio Version 17
VisualStudioVersion = 17.3.32929.385
MinimumVisualStudioVersion = 10.0.40219.1
Project("{FAE04EC0-301F-11D3-BF4B-00C04F79EFBC}") = "WpfApp1", "WpfApp1\WpfApp1.csproj", "{D04F4BE6-35C7-463A-9A0E-F3F5D49FE603}"
EndProject
Global
	GlobalSection(SolutionConfigurationPlatforms) = preSolution
		Debug|Any CPU = Debug|Any CPU
		Release|Any CPU = Release|Any CPU
	EndGlobalSection
	GlobalSection(ProjectConfigurationPlatforms) = postSolution
		{D04F4BE6-35C7-463A-9A0E-F3F5D49FE603}.Debug|Any CPU.ActiveCfg = Debug|Any CPU
		{D04F4BE6-35C7-463A-9A0E-F3F5D49FE603}.Debug|Any CPU.Build.0 = Debug|Any CPU
		{D04F4BE6-35C7-463A-9A0E-F3F5D49FE603}.Release|Any CPU.ActiveCfg = Release|Any CPU
		{D04F4BE6-35C7-463A-9A0E-F3F5D49FE603}.Release|Any CPU.Build.0 = Release|Any CPU
	EndGlobalSection
	GlobalSection(SolutionProperties) = preSolution
		HideSolutionNode = FALSE
	EndGlobalSection
	GlobalSection(ExtensibilityGlobals) = postSolution
		SolutionGuid = {69BC8185-C79B-48B2-811C-2ACE911390EE}
	EndGlobalSection
EndGlobal
